
Microsoft Visual Studio Solution File, Format Version 12.00
# Visual Studio Version 16
VisualStudioVersion = 16.0.30711.63
MinimumVisualStudioVersion = 10.0.40219.1
Project("{FAE04EC0-301F-11D3-BF4B-00C04F79EFBC}") = "EarlyXrm.EarlyBoundGenerator", "EarlyXrm.EarlyBoundGenerator\EarlyXrm.EarlyBoundGenerator.csproj", "{785676E4-E37E-417E-BF4E-AFB954500910}"
EndProject
Project("{FAE04EC0-301F-11D3-BF4B-00C04F79EFBC}") = "EarlyXrm.EarlyBoundGenerator.UnitTests", "EarlyXrm.EarlyBoundGenerator.UnitTests\EarlyXrm.EarlyBoundGenerator.UnitTests.csproj", "{0849B8EE-21C5-4915-8A7A-B243165F86C9}"
EndProject
Project("{2150E333-8FDC-42A3-9474-1A3956D46DE8}") = "Solution Items", "Solution Items", "{9BA0151F-10EE-4322-AC62-82D84E16ECA5}"
	ProjectSection(SolutionItems) = preProject
		.github\workflows\ci.yml = .github\workflows\ci.yml
		GitVersion.yml = GitVersion.yml
		README.md = README.md
	EndProjectSection
EndProject
Global
	GlobalSection(SolutionConfigurationPlatforms) = preSolution
		Debug|Any CPU = Debug|Any CPU
		Release|Any CPU = Release|Any CPU
	EndGlobalSection
	GlobalSection(ProjectConfigurationPlatforms) = postSolution
		{785676E4-E37E-417E-BF4E-AFB954500910}.Debug|Any CPU.ActiveCfg = Debug|Any CPU
		{785676E4-E37E-417E-BF4E-AFB954500910}.Debug|Any CPU.Build.0 = Debug|Any CPU
		{785676E4-E37E-417E-BF4E-AFB954500910}.Release|Any CPU.ActiveCfg = Release|Any CPU
		{785676E4-E37E-417E-BF4E-AFB954500910}.Release|Any CPU.Build.0 = Release|Any CPU
		{0849B8EE-21C5-4915-8A7A-B243165F86C9}.Debug|Any CPU.ActiveCfg = Debug|Any CPU
		{0849B8EE-21C5-4915-8A7A-B243165F86C9}.Debug|Any CPU.Build.0 = Debug|Any CPU
		{0849B8EE-21C5-4915-8A7A-B243165F86C9}.Release|Any CPU.ActiveCfg = Release|Any CPU
		{0849B8EE-21C5-4915-8A7A-B243165F86C9}.Release|Any CPU.Build.0 = Release|Any CPU
	EndGlobalSection
	GlobalSection(SolutionProperties) = preSolution
		HideSolutionNode = FALSE
	EndGlobalSection
	GlobalSection(ExtensibilityGlobals) = postSolution
		SolutionGuid = {8F5CE808-31C6-4849-BFFF-7727CB6C937A}
	EndGlobalSection
EndGlobal
